dependencies:
  idf:
    source:
      type: idf
    version: 5.4.0
  leeebo/esp-inih:
    component_hash: a2ecd9643d4cf7b3592645579d6ecf0f5c4f07f8ca8f9bafeb1d0f89fd005f38
    dependencies:
    - name: idf
      require: private
      version: '>=4.4'
    source:
      registry_url: https://components.espressif.com/
      type: service
    version: 0.0.2
direct_dependencies:
- idf
- leeebo/esp-inih
manifest_hash: 5fa176e727c492b1bfd5319ebe7e8e66ff234d8c6d0d14385e89822e74442bb7
target: esp32
version: 2.0.0
